
Microsoft Visual Studio Solution File, Format Version 12.00
# Visual Studio 15
VisualStudioVersion = 15.0.26730.16
MinimumVisualStudioVersion = 10.0.40219.1
Project("{2150E333-8FDC-42A3-9474-1A3956D46DE8}") = "UI", "UI", "{9C54F038-4479-4DE0-9F94-CA227472A5B9}"
EndProject
Project("{2150E333-8FDC-42A3-9474-1A3956D46DE8}") = "Net", "Net", "{9B0AD85B-2938-4B3D-9002-3579A2F32BFF}"
EndProject
Project("{FAE04EC0-301F-11D3-BF4B-00C04F79EFBC}") = "JXHighWay.WatchHouse.Net.DataPack", "JXHighWay.WatchHouse.Net\JXHighWay.WatchHouse.Net.DataPack.csproj", "{0A3D0538-3339-4111-A7A4-C9907CB49F26}"
EndProject
Project("{2150E333-8FDC-42A3-9474-1A3956D46DE8}") = "Comm", "Comm", "{01E7B7A3-39BF-4EE1-9E23-3AFA94D2CA25}"
EndProject
Project("{FAE04EC0-301F-11D3-BF4B-00C04F79EFBC}") = "JXHighWay.WatchHouse.Helper", "JXHighWay.WatchHouse.Helper\JXHighWay.WatchHouse.Helper.csproj", "{3282A5F3-7D7F-4423-9793-8DA25E2AD7AB}"
EndProject
Project("{FAE04EC0-301F-11D3-BF4B-00C04F79EFBC}") = "JXHighWay.WatchHouse.Net", "JXHighWay.WatchHouse.Net.Socket\JXHighWay.WatchHouse.Net.csproj", "{D0CF1157-6B33-41A9-8EAE-FAEBA9FBFE48}"
EndProject
Project("{2150E333-8FDC-42A3-9474-1A3956D46DE8}") = "DB", "DB", "{367492C3-8B84-44A5-B483-37D90BC40B80}"
EndProject
Project("{FAE04EC0-301F-11D3-BF4B-00C04F79EFBC}") = "DBMiddleWareLib", "..\..\DBMiddleWare\DBMiddleWareLib\DBMiddleWareLib.csproj", "{FAD8E9AF-E87D-45E3-99B8-CD3E3360B682}"
EndProject
Project("{2150E333-8FDC-42A3-9474-1A3956D46DE8}") = "BLL", "BLL", "{EA9D9F79-E592-4958-A2F2-CE196ACE042B}"
EndProject
Project("{FAE04EC0-301F-11D3-BF4B-00C04F79EFBC}") = "JXHighWay.WatchHouse.Bll.Client", "JXHighWay.WatchHouse.Bll.WatchHouse\JXHighWay.WatchHouse.Bll.Client.csproj", "{1E2CBD19-B02C-46BB-947C-F67329D5E6F4}"
EndProject
Project("{FAE04EC0-301F-11D3-BF4B-00C04F79EFBC}") = "JXHighWay.WatchHouse.EFModel", "JXHighWay.WatchHouse.EFModel\JXHighWay.WatchHouse.EFModel.csproj", "{22461238-D0D1-4DDC-8068-D4AADCAB0297}"
EndProject
Project("{FAE04EC0-301F-11D3-BF4B-00C04F79EFBC}") = "JXHighWay.WatchHouse.WFPClient", "JXHighWay.WatchHouse.WFPClient\JXHighWay.WatchHouse.WFPClient.csproj", "{2295C73D-E211-4C9C-86D9-AC9CC824B603}"
EndProject
Project("{FAE04EC0-301F-11D3-BF4B-00C04F79EFBC}") = "JXHighWay.WatchHouse.Bll.Server", "JXHighWay.WatchHouse.Bll.Server\JXHighWay.WatchHouse.Bll.Server.csproj", "{CB42A2D5-B705-47F6-8FC5-CC86AC9B9F8E}"
EndProject
Project("{FAE04EC0-301F-11D3-BF4B-00C04F79EFBC}") = "JXHighWay.WatchHouse.Server", "JXHighWay.WatchHouse.Server\JXHighWay.WatchHouse.Server.csproj", "{3005D9E3-04FD-4607-9B36-F5C1C561DE7F}"
EndProject
Project("{FAE04EC0-301F-11D3-BF4B-00C04F79EFBC}") = "JXHighWay.WatchHouse.LED", "JXHighWay.WatchHouse.LED\JXHighWay.WatchHouse.LED.csproj", "{245383E0-0F1E-41F8-86A6-293191E88581}"
EndProject
Project("{2150E333-8FDC-42A3-9474-1A3956D46DE8}") = "RichText", "RichText", "{CD67A777-928C-4078-B188-3F635F73E102}"
EndProject
Project("{FAE04EC0-301F-11D3-BF4B-00C04F79EFBC}") = "ColorPicker", "ColorPicker\ColorPicker.csproj", "{6813ECB1-B6B3-49F4-9070-9E4DFEF34FAE}"
EndProject
Project("{FAE04EC0-301F-11D3-BF4B-00C04F79EFBC}") = "RTFEditor", "RTFEditor\RTFEditor.csproj", "{6AEC74BD-EEE6-4402-93B0-4D4163E15E98}"
EndProject
Project("{2150E333-8FDC-42A3-9474-1A3956D46DE8}") = "Setup", "Setup", "{4C7CC54C-E264-4FC9-8846-A4CDBC937196}"
EndProject
Project("{54435603-DBB4-11D2-8724-00A0C9A8B90C}") = "ServerSetup", "ServerSetup\ServerSetup.vdproj", "{6E52184F-C2FC-4469-965D-5257D849ABE6}"
EndProject
Project("{54435603-DBB4-11D2-8724-00A0C9A8B90C}") = "ClientSetup", "Setup\Setup.vdproj", "{EBC3BEA0-35AD-4DD2-A5AB-64BB9426D79C}"
EndProject
Global
	GlobalSection(SolutionConfigurationPlatforms) = preSolution
		Debug|Any CPU = Debug|Any CPU
		Release|Any CPU = Release|Any CPU
	EndGlobalSection
	GlobalSection(ProjectConfigurationPlatforms) = postSolution
		{0A3D0538-3339-4111-A7A4-C9907CB49F26}.Debug|Any CPU.ActiveCfg = Debug|Any CPU
		{0A3D0538-3339-4111-A7A4-C9907CB49F26}.Debug|Any CPU.Build.0 = Debug|Any CPU
		{0A3D0538-3339-4111-A7A4-C9907CB49F26}.Release|Any CPU.ActiveCfg = Release|Any CPU
		{0A3D0538-3339-4111-A7A4-C9907CB49F26}.Release|Any CPU.Build.0 = Release|Any CPU
		{3282A5F3-7D7F-4423-9793-8DA25E2AD7AB}.Debug|Any CPU.ActiveCfg = Debug|Any CPU
		{3282A5F3-7D7F-4423-9793-8DA25E2AD7AB}.Debug|Any CPU.Build.0 = Debug|Any CPU
		{3282A5F3-7D7F-4423-9793-8DA25E2AD7AB}.Release|Any CPU.ActiveCfg = Release|Any CPU
		{3282A5F3-7D7F-4423-9793-8DA25E2AD7AB}.Release|Any CPU.Build.0 = Release|Any CPU
		{D0CF1157-6B33-41A9-8EAE-FAEBA9FBFE48}.Debug|Any CPU.ActiveCfg = Debug|Any CPU
		{D0CF1157-6B33-41A9-8EAE-FAEBA9FBFE48}.Debug|Any CPU.Build.0 = Debug|Any CPU
		{D0CF1157-6B33-41A9-8EAE-FAEBA9FBFE48}.Release|Any CPU.ActiveCfg = Release|Any CPU
		{D0CF1157-6B33-41A9-8EAE-FAEBA9FBFE48}.Release|Any CPU.Build.0 = Release|Any CPU
		{FAD8E9AF-E87D-45E3-99B8-CD3E3360B682}.Debug|Any CPU.ActiveCfg = Debug|Any CPU
		{FAD8E9AF-E87D-45E3-99B8-CD3E3360B682}.Debug|Any CPU.Build.0 = Debug|Any CPU
		{FAD8E9AF-E87D-45E3-99B8-CD3E3360B682}.Release|Any CPU.ActiveCfg = Release|Any CPU
		{FAD8E9AF-E87D-45E3-99B8-CD3E3360B682}.Release|Any CPU.Build.0 = Release|Any CPU
		{1E2CBD19-B02C-46BB-947C-F67329D5E6F4}.Debug|Any CPU.ActiveCfg = Debug|Any CPU
		{1E2CBD19-B02C-46BB-947C-F67329D5E6F4}.Debug|Any CPU.Build.0 = Debug|Any CPU
		{1E2CBD19-B02C-46BB-947C-F67329D5E6F4}.Release|Any CPU.ActiveCfg = Release|Any CPU
		{1E2CBD19-B02C-46BB-947C-F67329D5E6F4}.Release|Any CPU.Build.0 = Release|Any CPU
		{22461238-D0D1-4DDC-8068-D4AADCAB0297}.Debug|Any CPU.ActiveCfg = Debug|Any CPU
		{22461238-D0D1-4DDC-8068-D4AADCAB0297}.Debug|Any CPU.Build.0 = Debug|Any CPU
		{22461238-D0D1-4DDC-8068-D4AADCAB0297}.Release|Any CPU.ActiveCfg = Release|Any CPU
		{22461238-D0D1-4DDC-8068-D4AADCAB0297}.Release|Any CPU.Build.0 = Release|Any CPU
		{2295C73D-E211-4C9C-86D9-AC9CC824B603}.Debug|Any CPU.ActiveCfg = Debug|Any CPU
		{2295C73D-E211-4C9C-86D9-AC9CC824B603}.Debug|Any CPU.Build.0 = Debug|Any CPU
		{2295C73D-E211-4C9C-86D9-AC9CC824B603}.Release|Any CPU.ActiveCfg = Release|Any CPU
		{2295C73D-E211-4C9C-86D9-AC9CC824B603}.Release|Any CPU.Build.0 = Release|Any CPU
		{CB42A2D5-B705-47F6-8FC5-CC86AC9B9F8E}.Debug|Any CPU.ActiveCfg = Debug|Any CPU
		{CB42A2D5-B705-47F6-8FC5-CC86AC9B9F8E}.Debug|Any CPU.Build.0 = Debug|Any CPU
		{CB42A2D5-B705-47F6-8FC5-CC86AC9B9F8E}.Release|Any CPU.ActiveCfg = Release|Any CPU
		{CB42A2D5-B705-47F6-8FC5-CC86AC9B9F8E}.Release|Any CPU.Build.0 = Release|Any CPU
		{3005D9E3-04FD-4607-9B36-F5C1C561DE7F}.Debug|Any CPU.ActiveCfg = Debug|Any CPU
		{3005D9E3-04FD-4607-9B36-F5C1C561DE7F}.Debug|Any CPU.Build.0 = Debug|Any CPU
		{3005D9E3-04FD-4607-9B36-F5C1C561DE7F}.Release|Any CPU.ActiveCfg = Release|Any CPU
		{3005D9E3-04FD-4607-9B36-F5C1C561DE7F}.Release|Any CPU.Build.0 = Release|Any CPU
		{245383E0-0F1E-41F8-86A6-293191E88581}.Debug|Any CPU.ActiveCfg = Debug|Any CPU
		{245383E0-0F1E-41F8-86A6-293191E88581}.Debug|Any CPU.Build.0 = Debug|Any CPU
		{245383E0-0F1E-41F8-86A6-293191E88581}.Release|Any CPU.ActiveCfg = Release|Any CPU
		{245383E0-0F1E-41F8-86A6-293191E88581}.Release|Any CPU.Build.0 = Release|Any CPU
		{6813ECB1-B6B3-49F4-9070-9E4DFEF34FAE}.Debug|Any CPU.ActiveCfg = Debug|Any CPU
		{6813ECB1-B6B3-49F4-9070-9E4DFEF34FAE}.Debug|Any CPU.Build.0 = Debug|Any CPU
		{6813ECB1-B6B3-49F4-9070-9E4DFEF34FAE}.Release|Any CPU.ActiveCfg = Release|Any CPU
		{6813ECB1-B6B3-49F4-9070-9E4DFEF34FAE}.Release|Any CPU.Build.0 = Release|Any CPU
		{6AEC74BD-EEE6-4402-93B0-4D4163E15E98}.Debug|Any CPU.ActiveCfg = Debug|Any CPU
		{6AEC74BD-EEE6-4402-93B0-4D4163E15E98}.Debug|Any CPU.Build.0 = Debug|Any CPU
		{6AEC74BD-EEE6-4402-93B0-4D4163E15E98}.Release|Any CPU.ActiveCfg = Release|Any CPU
		{6AEC74BD-EEE6-4402-93B0-4D4163E15E98}.Release|Any CPU.Build.0 = Release|Any CPU
		{6E52184F-C2FC-4469-965D-5257D849ABE6}.Debug|Any CPU.ActiveCfg = Debug
		{6E52184F-C2FC-4469-965D-5257D849ABE6}.Release|Any CPU.ActiveCfg = Release
		{EBC3BEA0-35AD-4DD2-A5AB-64BB9426D79C}.Debug|Any CPU.ActiveCfg = Debug
		{EBC3BEA0-35AD-4DD2-A5AB-64BB9426D79C}.Release|Any CPU.ActiveCfg = Release
	EndGlobalSection
	GlobalSection(SolutionProperties) = preSolution
		HideSolutionNode = FALSE
	EndGlobalSection
	GlobalSection(NestedProjects) = preSolution
		{0A3D0538-3339-4111-A7A4-C9907CB49F26} = {9B0AD85B-2938-4B3D-9002-3579A2F32BFF}
		{3282A5F3-7D7F-4423-9793-8DA25E2AD7AB} = {01E7B7A3-39BF-4EE1-9E23-3AFA94D2CA25}
		{D0CF1157-6B33-41A9-8EAE-FAEBA9FBFE48} = {9B0AD85B-2938-4B3D-9002-3579A2F32BFF}
		{FAD8E9AF-E87D-45E3-99B8-CD3E3360B682} = {367492C3-8B84-44A5-B483-37D90BC40B80}
		{1E2CBD19-B02C-46BB-947C-F67329D5E6F4} = {EA9D9F79-E592-4958-A2F2-CE196ACE042B}
		{22461238-D0D1-4DDC-8068-D4AADCAB0297} = {367492C3-8B84-44A5-B483-37D90BC40B80}
		{2295C73D-E211-4C9C-86D9-AC9CC824B603} = {9C54F038-4479-4DE0-9F94-CA227472A5B9}
		{CB42A2D5-B705-47F6-8FC5-CC86AC9B9F8E} = {EA9D9F79-E592-4958-A2F2-CE196ACE042B}
		{3005D9E3-04FD-4607-9B36-F5C1C561DE7F} = {9C54F038-4479-4DE0-9F94-CA227472A5B9}
		{245383E0-0F1E-41F8-86A6-293191E88581} = {01E7B7A3-39BF-4EE1-9E23-3AFA94D2CA25}
		{6813ECB1-B6B3-49F4-9070-9E4DFEF34FAE} = {CD67A777-928C-4078-B188-3F635F73E102}
		{6AEC74BD-EEE6-4402-93B0-4D4163E15E98} = {CD67A777-928C-4078-B188-3F635F73E102}
		{6E52184F-C2FC-4469-965D-5257D849ABE6} = {4C7CC54C-E264-4FC9-8846-A4CDBC937196}
		{EBC3BEA0-35AD-4DD2-A5AB-64BB9426D79C} = {4C7CC54C-E264-4FC9-8846-A4CDBC937196}
	EndGlobalSection
	GlobalSection(ExtensibilityGlobals) = postSolution
		SolutionGuid = {E2286BE9-FA5E-45F7-A401-DA6DC9D24D51}
	EndGlobalSection
EndGlobal
